
Microsoft Visual Studio Solution File, Format Version 12.00
# Visual Studio Version 17
VisualStudioVersion = 17.14.36203.30 d17.14
MinimumVisualStudioVersion = 10.0.40219.1
Project("{FAE04EC0-301F-11D3-BF4B-00C04F79EFBC}") = "AnCenergy", "AnCenergy.csproj", "{B19005B7-AA9F-4061-983A-3BDEE808E45D}"
EndProject
Global
	GlobalSection(SolutionConfigurationPlatforms) = preSolution
		Debug|Any CPU = Debug|Any CPU
		Release|Any CPU = Release|Any CPU
	EndGlobalSection
	GlobalSection(ProjectConfigurationPlatforms) = postSolution
		{B19005B7-AA9F-4061-983A-3BDEE808E45D}.Debug|Any CPU.ActiveCfg = Debug|Any CPU
		{B19005B7-AA9F-4061-983A-3BDEE808E45D}.Debug|Any CPU.Build.0 = Debug|Any CPU
		{B19005B7-AA9F-4061-983A-3BDEE808E45D}.Release|Any CPU.ActiveCfg = Release|Any CPU
		{B19005B7-AA9F-4061-983A-3BDEE808E45D}.Release|Any CPU.Build.0 = Release|Any CPU
	EndGlobalSection
	GlobalSection(SolutionProperties) = preSolution
		HideSolutionNode = FALSE
	EndGlobalSection
	GlobalSection(ExtensibilityGlobals) = postSolution
		SolutionGuid = {39649411-9E04-4B07-95D5-D83EC317F9E6}
	EndGlobalSection
EndGlobal
